{
    "_readme": [
        "This file locks the dependencies of your project to a known state",
        "Read more about it at https://getcomposer.org/doc/01-basic-usage.md#composer-lock-the-lock-file",
        "This file is @generated automatically"
    ],
    "content-hash": "1e7a5b4ba8e6942a61dcdc6553af08e0",
    "packages": [
        {
            "name": "cruxoft/bolt-api",
            "version": "0.7.1",
            "source": {
                "type": "git",
                "url": "https://github.com/irwtdvoys/bolt-api.git",
                "reference": "8d0b455c61ccebd9f98a4dffaa311273ad7adb39"
            },
            "dist": {
                "type": "zip",
                "url": "https://api.github.com/repos/irwtdvoys/bolt-api/zipball/8d0b455c61ccebd9f98a4dffaa311273ad7adb39",
                "reference": "8d0b455c61ccebd9f98a4dffaa311273ad7adb39",
                "shasum": ""
            },
            "require": {
                "cruxoft/bolt-mvc": "^0.4",
                "ralouphie/getallheaders": "^2.0"
            },
            "type": "library",
            "autoload": {
                "psr-4": {
                    "Bolt\\": "src/"
                }
            },
            "notification-url": "https://packagist.org/downloads/",
            "license": [
                "Apache-2.0"
            ],
            "authors": [
                {
                    "name": "Steve Adams",
                    "role": "Developer"
                }
            ],
            "description": "RESTful API module for Bolt",
            "keywords": [
                "api",
                "bolt",
                "rest"
            ],
            "time": "2018-03-05T14:55:43+00:00"
        },
        {
            "name": "cruxoft/bolt-core",
            "version": "0.4.0",
            "source": {
                "type": "git",
                "url": "https://github.com/irwtdvoys/bolt-core.git",
                "reference": "ab6b3ec8b69052d374209a4a13ae89ab6904eaa2"
            },
            "dist": {
                "type": "zip",
                "url": "https://api.github.com/repos/irwtdvoys/bolt-core/zipball/ab6b3ec8b69052d374209a4a13ae89ab6904eaa2",
                "reference": "ab6b3ec8b69052d374209a4a13ae89ab6904eaa2",
                "shasum": ""
            },
            "require": {
                "php": ">=5.6"
            },
            "require-dev": {
                "phpunit/phpunit": "4.8.*"
            },
            "type": "library",
            "autoload": {
                "psr-4": {
                    "Bolt\\": "src/"
                }
            },
            "notification-url": "https://packagist.org/downloads/",
            "license": [
                "Apache-2.0"
            ],
            "authors": [
                {
                    "name": "Steve Adams",
                    "role": "Developer"
                }
            ],
            "description": "Core elements for the Bolt Framework",
            "keywords": [
                "bolt",
                "framework"
            ],
            "time": "2018-02-15T18:30:01+00:00"
        },
        {
            "name": "cruxoft/bolt-geojson",
            "version": "0.5.1",
            "source": {
                "type": "git",
                "url": "https://github.com/irwtdvoys/bolt-geojson.git",
                "reference": "3c49625aa68fc8133768138f57069fa1b1587d0f"
            },
            "dist": {
                "type": "zip",
                "url": "https://api.github.com/repos/irwtdvoys/bolt-geojson/zipball/3c49625aa68fc8133768138f57069fa1b1587d0f",
                "reference": "3c49625aa68fc8133768138f57069fa1b1587d0f",
                "shasum": ""
            },
            "require": {
                "cruxoft/bolt-core": "^0.4.0"
            },
            "require-dev": {
                "phpunit/phpunit": "5.5.*"
            },
            "type": "library",
            "autoload": {
                "psr-4": {
                    "Bolt\\": "src"
                }
            },
            "notification-url": "https://packagist.org/downloads/",
            "license": [
                "Apache-2.0"
            ],
            "authors": [
                {
                    "name": "Steve Adams",
                    "role": "Developer"
                }
            ],
            "description": "GeoJSON module for Bolt",
            "keywords": [
                "bolt",
                "geojson"
            ],
            "time": "2018-02-16T16:37:20+00:00"
        },
        {
            "name": "cruxoft/bolt-mvc",
            "version": "0.4.0",
            "source": {
                "type": "git",
                "url": "https://github.com/irwtdvoys/bolt-mvc.git",
                "reference": "c2541f45b8dd98b7c873842d74d4942385a9de41"
            },
            "dist": {
                "type": "zip",
                "url": "https://api.github.com/repos/irwtdvoys/bolt-mvc/zipball/c2541f45b8dd98b7c873842d74d4942385a9de41",
                "reference": "c2541f45b8dd98b7c873842d74d4942385a9de41",
                "shasum": ""
            },
            "require": {
                "cruxoft/bolt-core": "^v0.4"
            },
            "type": "library",
            "autoload": {
                "psr-4": {
                    "Bolt\\": "src/"
                }
            },
            "notification-url": "https://packagist.org/downloads/",
            "license": [
                "Apache-2.0"
            ],
            "authors": [
                {
                    "name": "Steve Adams",
                    "role": "Developer"
                }
            ],
            "description": "MVC module for Bolt",
            "keywords": [
                "bolt",
                "mvc",
                "php"
            ],
            "time": "2018-02-16T09:25:58+00:00"
        },
        {
            "name": "cruxoft/dump",
            "version": "0.1.0",
            "source": {
                "type": "git",
                "url": "https://github.com/irwtdvoys/dump.git",
                "reference": "2ebea0d915c3ed129a13086835ac679052cd732b"
            },
            "dist": {
                "type": "zip",
                "url": "https://api.github.com/repos/irwtdvoys/dump/zipball/2ebea0d915c3ed129a13086835ac679052cd732b",
                "reference": "2ebea0d915c3ed129a13086835ac679052cd732b",
                "shasum": ""
            },
            "require-dev": {
                "phpunit/phpunit": "^7.0"
            },
            "type": "library",
            "autoload": {
                "psr-4": {
                    "Cruxoft\\": "src/"
                },
                "files": [
                    "src/dump.php"
                ]
            },
            "notification-url": "https://packagist.org/downloads/",
            "license": [
                "Apache-2.0"
            ],
            "authors": [
                {
                    "name": "Steve Adams",
                    "email": "irwtdvoys@gmail.com"
                }
            ],
            "description": "A system for generating structure information about nested variables for use including screen display",
            "time": "2018-02-15T16:42:49+00:00"
        },
        {
            "name": "ralouphie/getallheaders",
            "version": "2.0.5",
            "source": {
                "type": "git",
                "url": "https://github.com/ralouphie/getallheaders.git",
                "reference": "5601c8a83fbba7ef674a7369456d12f1e0d0eafa"
            },
            "dist": {
                "type": "zip",
                "url": "https://api.github.com/repos/ralouphie/getallheaders/zipball/5601c8a83fbba7ef674a7369456d12f1e0d0eafa",
                "reference": "5601c8a83fbba7ef674a7369456d12f1e0d0eafa",
                "shasum": ""
            },
            "require": {
                "php": ">=5.3"
            },
            "require-dev": {
                "phpunit/phpunit": "~3.7.0",
                "satooshi/php-coveralls": ">=1.0"
            },
            "type": "library",
            "autoload": {
                "files": [
                    "src/getallheaders.php"
                ]
            },
            "notification-url": "https://packagist.org/downloads/",
            "license": [
                "MIT"
            ],
            "authors": [
                {
                    "name": "Ralph Khattar",
                    "email": "ralph.khattar@gmail.com"
                }
            ],
            "description": "A polyfill for getallheaders.",
            "time": "2016-02-11T07:05:27+00:00"
        }
    ],
    "packages-dev": [],
    "aliases": [],
    "minimum-stability": "stable",
    "stability-flags": [],
    "prefer-stable": false,
    "prefer-lowest": false,
    "platform": [],
    "platform-dev": []
}
