{
    "_readme": [
        "This file locks the dependencies of your project to a known state",
        "Read more about it at https://getcomposer.org/doc/01-basic-usage.md#composer-lock-the-lock-file",
        "This file is @generated automatically"
    ],
    "hash": "250aea447e5573cd2f6b0b8da75f29de",
    "content-hash": "cf459c6a8da41616036f0cf70aa7f9d5",
    "packages": [
        {
            "name": "cruxoft/bolt-api",
            "version": "0.2.5",
            "source": {
                "type": "git",
                "url": "https://github.com/irwtdvoys/bolt-api.git",
                "reference": "9bec7be48072b8f39fc191c0ccd456d14177bd5f"
            },
            "dist": {
                "type": "zip",
                "url": "https://api.github.com/repos/irwtdvoys/bolt-api/zipball/9bec7be48072b8f39fc191c0ccd456d14177bd5f",
                "reference": "9bec7be48072b8f39fc191c0ccd456d14177bd5f",
                "shasum": ""
            },
            "require": {
                "cruxoft/bolt-mvc": "v0.1.*",
                "php": ">=5.6"
            },
            "require-dev": {
                "phpunit/phpunit": "4.8.*"
            },
            "type": "library",
            "autoload": {
                "psr-4": {
                    "Bolt\\": "src/"
                }
            },
            "notification-url": "https://packagist.org/downloads/",
            "license": [
                "Apache-2.0"
            ],
            "authors": [
                {
                    "name": "Steve Adams",
                    "role": "Developer"
                }
            ],
            "description": "RESTful API module for Bolt",
            "keywords": [
                "api",
                "bolt",
                "rest"
            ],
            "time": "2016-08-01 17:45:27"
        },
        {
            "name": "cruxoft/bolt-core",
            "version": "0.2.0",
            "source": {
                "type": "git",
                "url": "https://github.com/irwtdvoys/bolt-core.git",
                "reference": "4267dc4f4433d079142327679c3d3a29f4ea513c"
            },
            "dist": {
                "type": "zip",
                "url": "https://api.github.com/repos/irwtdvoys/bolt-core/zipball/4267dc4f4433d079142327679c3d3a29f4ea513c",
                "reference": "4267dc4f4433d079142327679c3d3a29f4ea513c",
                "shasum": ""
            },
            "require": {
                "php": ">=5.6"
            },
            "require-dev": {
                "phpunit/phpunit": "4.8.*"
            },
            "type": "library",
            "autoload": {
                "psr-4": {
                    "Bolt\\": "src/"
                }
            },
            "notification-url": "https://packagist.org/downloads/",
            "license": [
                "Apache-2.0"
            ],
            "authors": [
                {
                    "name": "Steve Adams",
                    "role": "Developer"
                }
            ],
            "description": "Core elements for the Bolt Framework",
            "keywords": [
                "bolt",
                "framework"
            ],
            "time": "2016-08-02 08:37:46"
        },
        {
            "name": "cruxoft/bolt-geojson",
            "version": "0.2.1",
            "source": {
                "type": "git",
                "url": "https://github.com/irwtdvoys/bolt-geojson.git",
                "reference": "88542bffeaef511a202bba4345b5029790b2ed12"
            },
            "dist": {
                "type": "zip",
                "url": "https://api.github.com/repos/irwtdvoys/bolt-geojson/zipball/88542bffeaef511a202bba4345b5029790b2ed12",
                "reference": "88542bffeaef511a202bba4345b5029790b2ed12",
                "shasum": ""
            },
            "require": {
                "cruxoft/bolt-core": "^0.2",
                "php": ">=5.6"
            },
            "type": "library",
            "autoload": {
                "psr-4": {
                    "Bolt\\GeoJson\\": "src"
                }
            },
            "notification-url": "https://packagist.org/downloads/",
            "license": [
                "Apache-2.0"
            ],
            "authors": [
                {
                    "name": "Steve Adams",
                    "role": "Developer"
                }
            ],
            "description": "GeoJSON module for Bolt",
            "keywords": [
                "bolt",
                "geojson"
            ],
            "time": "2016-08-08 18:40:21"
        },
        {
            "name": "cruxoft/bolt-mvc",
            "version": "0.1.5",
            "source": {
                "type": "git",
                "url": "https://github.com/irwtdvoys/bolt-mvc.git",
                "reference": "770b233e017b8d4f16b3b812205d6005af3507b0"
            },
            "dist": {
                "type": "zip",
                "url": "https://api.github.com/repos/irwtdvoys/bolt-mvc/zipball/770b233e017b8d4f16b3b812205d6005af3507b0",
                "reference": "770b233e017b8d4f16b3b812205d6005af3507b0",
                "shasum": ""
            },
            "require": {
                "cruxoft/bolt-core": "^v0.2",
                "php": ">=5.6"
            },
            "type": "library",
            "autoload": {
                "psr-4": {
                    "Bolt\\": "src/"
                }
            },
            "notification-url": "https://packagist.org/downloads/",
            "license": [
                "Apache-2.0"
            ],
            "authors": [
                {
                    "name": "Steve Adams",
                    "role": "Developer"
                }
            ],
            "description": "MVC module for Bolt",
            "keywords": [
                "bolt",
                "mvc",
                "php"
            ],
            "time": "2016-08-08 18:24:38"
        }
    ],
    "packages-dev": [],
    "aliases": [],
    "minimum-stability": "stable",
    "stability-flags": [],
    "prefer-stable": false,
    "prefer-lowest": false,
    "platform": {
        "php": ">=5.6"
    },
    "platform-dev": []
}
